{
  "requires": true,
  "lockfileVersion": 1,
  "dependencies": {
    "primeng": {
      "version": "5.2.5",
      "resolved": "https://registry.npmjs.org/primeng/-/primeng-5.2.5.tgz",
      "integrity": "sha512-MmrA0Ink2IXI66+u/MVhnGHEG8l2hjG9bqm6ui0R1yWpSw1VVm++xXy3oYZw5pbUG0UZpQ9C25sik36uHSv8+w=="
    }
  }
}
